// !$*UTF8*$!
{
	archiveVersion = 1;
	classes = {
	};
	objectVersion = 46;
	objects = {

/* Begin PBXBuildFile section */
		A789E6DB1EBEA5610077A05D /* AppDelegate.swift in Sources */ = {isa = PBXBuildFile; fileRef = A789E6DA1EBEA5610077A05D /* AppDelegate.swift */; };
		A789E6DD1EBEA5610077A05D /* ViewController.swift in Sources */ = {isa = PBXBuildFile; fileRef = A789E6DC1EBEA5610077A05D /* ViewController.swift */; };
		A789E6E01EBEA5610077A05D /* Main.storyboard in Resources */ = {isa = PBXBuildFile; fileRef = A789E6DE1EBEA5610077A05D /* Main.storyboard */; };
		A789E6E21EBEA5610077A05D /* Assets.xcassets in Resources */ = {isa = PBXBuildFile; fileRef = A789E6E11EBEA5610077A05D /* Assets.xcassets */; };
		A789E6E51EBEA5610077A05D /* LaunchScreen.storyboard in Resources */ = {isa = PBXBuildFile; fileRef = A789E6E31EBEA5610077A05D /* LaunchScreen.storyboard */; };
		A789E6F01EBEA5610077A05D /* FirstDemoTests.swift in Sources */ = {isa = PBXBuildFile; fileRef = A789E6EF1EBEA5610077A05D /* FirstDemoTests.swift */; };
		A789E6FB1EBEA5610077A05D /* FirstDemoUITests.swift in Sources */ = {isa = PBXBuildFile; fileRef = A789E6FA1EBEA5610077A05D /* FirstDemoUITests.swift */; };
/* End PBXBuildFile section */

/* Begin PBXContainerItemProxy section */
		A789E6EC1EBEA5610077A05D /* PBXContainerItemProxy */ = {
			isa = PBXContainerItemProxy;
			containerPortal = A789E6CF1EBEA5610077A05D /* Project object */;
			proxyType = 1;
			remoteGlobalIDString = A789E6D61EBEA5610077A05D;
			remoteInfo = FirstDemo;
		};
		A789E6F71EBEA5610077A05D /* PBXContainerItemProxy */ = {
			isa = PBXContainerItemProxy;
			containerPortal = A789E6CF1EBEA5610077A05D /* Project object */;
			proxyType = 1;
			remoteGlobalIDString = A789E6D61EBEA5610077A05D;
			remoteInfo = FirstDemo;
		};
/* End PBXContainerItemProxy section */

/* Begin PBXFileReference section */
		A789E6D71EBEA5610077A05D /* FirstDemo.app */ = {isa = PBXFileReference; explicitFileType = wrapper.application; includeInIndex = 0; path = FirstDemo.app; sourceTree = BUILT_PRODUCTS_DIR; };
		A789E6DA1EBEA5610077A05D /* AppDelegate.swift */ = {isa = PBXFileReference; lastKnownFileType = sourcecode.swift; path = AppDelegate.swift; sourceTree = "<group>"; };
		A789E6DC1EBEA5610077A05D /* ViewController.swift */ = {isa = PBXFileReference; lastKnownFileType = sourcecode.swift; path = ViewController.swift; sourceTree = "<group>"; };
		A789E6DF1EBEA5610077A05D /* Base */ = {isa = PBXFileReference; lastKnownFileType = file.storyboard; name = Base; path = Base.lproj/Main.storyboard; sourceTree = "<group>"; };
		A789E6E11EBEA5610077A05D /* Assets.xcassets */ = {isa = PBXFileReference; lastKnownFileType = folder.assetcatalog; path = Assets.xcassets; sourceTree = "<group>"; };
		A789E6E41EBEA5610077A05D /* Base */ = {isa = PBXFileReference; lastKnownFileType = file.storyboard; name = Base; path = Base.lproj/LaunchScreen.storyboard; sourceTree = "<group>"; };
		A789E6E61EBEA5610077A05D /* Info.plist */ = {isa = PBXFileReference; lastKnownFileType = text.plist.xml; path = Info.plist; sourceTree = "<group>"; };
		A789E6EB1EBEA5610077A05D /* FirstDemoTests.xctest */ = {isa = PBXFileReference; explicitFileType = wrapper.cfbundle; includeInIndex = 0; path = FirstDemoTests.xctest; sourceTree = BUILT_PRODUCTS_DIR; };
		A789E6EF1EBEA5610077A05D /* FirstDemoTests.swift */ = {isa = PBXFileReference; lastKnownFileType = sourcecode.swift; path = FirstDemoTests.swift; sourceTree = "<group>"; };
		A789E6F11EBEA5610077A05D /* Info.plist */ = {isa = PBXFileReference; lastKnownFileType = text.plist.xml; path = Info.plist; sourceTree = "<group>"; };
		A789E6F61EBEA5610077A05D /* FirstDemoUITests.xctest */ = {isa = PBXFileReference; explicitFileType = wrapper.cfbundle; includeInIndex = 0; path = FirstDemoUITests.xctest; sourceTree = BUILT_PRODUCTS_DIR; };
		A789E6FA1EBEA5610077A05D /* FirstDemoUITests.swift */ = {isa = PBXFileReference; lastKnownFileType = sourcecode.swift; path = FirstDemoUITests.swift; sourceTree = "<group>"; };
		A789E6FC1EBEA5610077A05D /* Info.plist */ = {isa = PBXFileReference; lastKnownFileType = text.plist.xml; path = Info.plist; sourceTree = "<group>"; };
/* End PBXFileReference section */

/* Begin PBXFrameworksBuildPhase section */
		A789E6D41EBEA5610077A05D /* Frameworks */ = {
			isa = PBXFrameworksBuildPhase;
			buildActionMask = 2147483647;
			files = (
			);
			runOnlyForDeploymentPostprocessing = 0;
		};
		A789E6E81EBEA5610077A05D /* Frameworks */ = {
			isa = PBXFrameworksBuildPhase;
			buildActionMask = 2147483647;
			files = (
			);
			runOnlyForDeploymentPostprocessing = 0;
		};
		A789E6F31EBEA5610077A05D /* Frameworks */ = {
			isa = PBXFrameworksBuildPhase;
			buildActionMask = 2147483647;
			files = (
			);
			runOnlyForDeploymentPostprocessing = 0;
		};
/* End PBXFrameworksBuildPhase section */

/* Begin PBXGroup section */
		A789E6CE1EBEA5610077A05D = {
			isa = PBXGroup;
			children = (
				A789E6D91EBEA5610077A05D /* FirstDemo */,
				A789E6EE1EBEA5610077A05D /* FirstDemoTests */,
				A789E6F91EBEA5610077A05D /* FirstDemoUITests */,
				A789E6D81EBEA5610077A05D /* Products */,
			);
			sourceTree = "<group>";
		};
		A789E6D81EBEA5610077A05D /* Products */ = {
			isa = PBXGroup;
			children = (
				A789E6D71EBEA5610077A05D /* FirstDemo.app */,
				A789E6EB1EBEA5610077A05D /* FirstDemoTests.xctest */,
				A789E6F61EBEA5610077A05D /* FirstDemoUITests.xctest */,
			);
			name = Products;
			sourceTree = "<group>";
		};
		A789E6D91EBEA5610077A05D /* FirstDemo */ = {
			isa = PBXGroup;
			children = (
				A789E6DA1EBEA5610077A05D /* AppDelegate.swift */,
				A789E6DC1EBEA5610077A05D /* ViewController.swift */,
				A789E6DE1EBEA5610077A05D /* Main.storyboard */,
				A789E6E11EBEA5610077A05D /* Assets.xcassets */,
				A789E6E31EBEA5610077A05D /* LaunchScreen.storyboard */,
				A789E6E61EBEA5610077A05D /* Info.plist */,
			);
			path = FirstDemo;
			sourceTree = "<group>";
		};
		A789E6EE1EBEA5610077A05D /* FirstDemoTests */ = {
			isa = PBXGroup;
			children = (
				A789E6EF1EBEA5610077A05D /* FirstDemoTests.swift */,
				A789E6F11EBEA5610077A05D /* Info.plist */,
			);
			path = FirstDemoTests;
			sourceTree = "<group>";
		};
		A789E6F91EBEA5610077A05D /* FirstDemoUITests */ = {
			isa = PBXGroup;
			children = (
				A789E6FA1EBEA5610077A05D /* FirstDemoUITests.swift */,
				A789E6FC1EBEA5610077A05D /* Info.plist */,
			);
			path = FirstDemoUITests;
			sourceTree = "<group>";
		};
/* End PBXGroup section */

/* Begin PBXNativeTarget section */
		A789E6D61EBEA5610077A05D /* FirstDemo */ = {
			isa = PBXNativeTarget;
			buildConfigurationList = A789E6FF1EBEA5610077A05D /* Build configuration list for PBXNativeTarget "FirstDemo" */;
			buildPhases = (
				A789E6D31EBEA5610077A05D /* Sources */,
				A789E6D41EBEA5610077A05D /* Frameworks */,
				A789E6D51EBEA5610077A05D /* Resources */,
			);
			buildRules = (
			);
			dependencies = (
			);
			name = FirstDemo;
			productName = FirstDemo;
			productReference = A789E6D71EBEA5610077A05D /* FirstDemo.app */;
			productType = "com.apple.product-type.application";
		};
		A789E6EA1EBEA5610077A05D /* FirstDemoTests */ = {
			isa = PBXNativeTarget;
			buildConfigurationList = A789E7021EBEA5610077A05D /* Build configuration list for PBXNativeTarget "FirstDemoTests" */;
			buildPhases = (
				A789E6E71EBEA5610077A05D /* Sources */,
				A789E6E81EBEA5610077A05D /* Frameworks */,
				A789E6E91EBEA5610077A05D /* Resources */,
			);
			buildRules = (
			);
			dependencies = (
				A789E6ED1EBEA5610077A05D /* PBXTargetDependency */,
			);
			name = FirstDemoTests;
			productName = FirstDemoTests;
			productReference = A789E6EB1EBEA5610077A05D /* FirstDemoTests.xctest */;
			productType = "com.apple.product-type.bundle.unit-test";
		};
		A789E6F51EBEA5610077A05D /* FirstDemoUITests */ = {
			isa = PBXNativeTarget;
			buildConfigurationList = A789E7051EBEA5610077A05D /* Build configuration list for PBXNativeTarget "FirstDemoUITests" */;
			buildPhases = (
				A789E6F21EBEA5610077A05D /* Sources */,
				A789E6F31EBEA5610077A05D /* Frameworks */,
				A789E6F41EBEA5610077A05D /* Resources */,
			);
			buildRules = (
			);
			dependencies = (
				A789E6F81EBEA5610077A05D /* PBXTargetDependency */,
			);
			name = FirstDemoUITests;
			productName = FirstDemoUITests;
			productReference = A789E6F61EBEA5610077A05D /* FirstDemoUITests.xctest */;
			productType = "com.apple.product-type.bundle.ui-testing";
		};
/* End PBXNativeTarget section */

/* Begin PBXProject section */
		A789E6CF1EBEA5610077A05D /* Project object */ = {
			isa = PBXProject;
			attributes = {
				LastSwiftUpdateCheck = 0830;
				LastUpgradeCheck = 0830;
				ORGANIZATIONNAME = "Lai, Tom";
				TargetAttributes = {
					A789E6D61EBEA5610077A05D = {
						CreatedOnToolsVersion = 8.3.2;
						DevelopmentTeam = DPRFY9YDG3;
						ProvisioningStyle = Automatic;
					};
					A789E6EA1EBEA5610077A05D = {
						CreatedOnToolsVersion = 8.3.2;
						DevelopmentTeam = DPRFY9YDG3;
						ProvisioningStyle = Automatic;
						TestTargetID = A789E6D61EBEA5610077A05D;
					};
					A789E6F51EBEA5610077A05D = {
						CreatedOnToolsVersion = 8.3.2;
						DevelopmentTeam = DPRFY9YDG3;
						ProvisioningStyle = Automatic;
						TestTargetID = A789E6D61EBEA5610077A05D;
					};
				};
			};
			buildConfigurationList = A789E6D21EBEA5610077A05D /* Build configuration list for PBXProject "FirstDemo" */;
			compatibilityVersion = "Xcode 3.2";
			developmentRegion = English;
			hasScannedForEncodings = 0;
			knownRegions = (
				en,
				Base,
			);
			mainGroup = A789E6CE1EBEA5610077A05D;
			productRefGroup = A789E6D81EBEA5610077A05D /* Products */;
			projectDirPath = "";
			projectRoot = "";
			targets = (
				A789E6D61EBEA5610077A05D /* FirstDemo */,
				A789E6EA1EBEA5610077A05D /* FirstDemoTests */,
				A789E6F51EBEA5610077A05D /* FirstDemoUITests */,
			);
		};
/* End PBXProject section */

/* Begin PBXResourcesBuildPhase section */
		A789E6D51EBEA5610077A05D /* Resources */ = {
			isa = PBXResourcesBuildPhase;
			buildActionMask = 2147483647;
			files = (
				A789E6E51EBEA5610077A05D /* LaunchScreen.storyboard in Resources */,
				A789E6E21EBEA5610077A05D /* Assets.xcassets in Resources */,
				A789E6E01EBEA5610077A05D /* Main.storyboard in Resources */,
			);
			runOnlyForDeploymentPostprocessing = 0;
		};
		A789E6E91EBEA5610077A05D /* Resources */ = {
			isa = PBXResourcesBuildPhase;
			buildActionMask = 2147483647;
			files = (
			);
			runOnlyForDeploymentPostprocessing = 0;
		};
		A789E6F41EBEA5610077A05D /* Resources */ = {
			isa = PBXResourcesBuildPhase;
			buildActionMask = 2147483647;
			files = (
			);
			runOnlyForDeploymentPostprocessing = 0;
		};
/* End PBXResourcesBuildPhase section */

/* Begin PBXSourcesBuildPhase section */
		A789E6D31EBEA5610077A05D /* Sources */ = {
			isa = PBXSourcesBuildPhase;
			buildActionMask = 2147483647;
			files = (
				A789E6DD1EBEA5610077A05D /* ViewController.swift in Sources */,
				A789E6DB1EBEA5610077A05D /* AppDelegate.swift in Sources */,
			);
			runOnlyForDeploymentPostprocessing = 0;
		};
		A789E6E71EBEA5610077A05D /* Sources */ = {
			isa = PBXSourcesBuildPhase;
			buildActionMask = 2147483647;
			files = (
				A789E6F01EBEA5610077A05D /* FirstDemoTests.swift in Sources */,
			);
			runOnlyForDeploymentPostprocessing = 0;
		};
		A789E6F21EBEA5610077A05D /* Sources */ = {
			isa = PBXSourcesBuildPhase;
			buildActionMask = 2147483647;
			files = (
				A789E6FB1EBEA5610077A05D /* FirstDemoUITests.swift in Sources */,
			);
			runOnlyForDeploymentPostprocessing = 0;
		};
/* End PBXSourcesBuildPhase section */

/* Begin PBXTargetDependency section */
		A789E6ED1EBEA5610077A05D /* PBXTargetDependency */ = {
			isa = PBXTargetDependency;
			target = A789E6D61EBEA5610077A05D /* FirstDemo */;
			targetProxy = A789E6EC1EBEA5610077A05D /* PBXContainerItemProxy */;
		};
		A789E6F81EBEA5610077A05D /* PBXTargetDependency */ = {
			isa = PBXTargetDependency;
			target = A789E6D61EBEA5610077A05D /* FirstDemo */;
			targetProxy = A789E6F71EBEA5610077A05D /* PBXContainerItemProxy */;
		};
/* End PBXTargetDependency section */

/* Begin PBXVariantGroup section */
		A789E6DE1EBEA5610077A05D /* Main.storyboard */ = {
			isa = PBXVariantGroup;
			children = (
				A789E6DF1EBEA5610077A05D /* Base */,
			);
			name = Main.storyboard;
			sourceTree = "<group>";
		};
		A789E6E31EBEA5610077A05D /* LaunchScreen.storyboard */ = {
			isa = PBXVariantGroup;
			children = (
				A789E6E41EBEA5610077A05D /* Base */,
			);
			name = LaunchScreen.storyboard;
			sourceTree = "<group>";
		};
/* End PBXVariantGroup section */

/* Begin XCBuildConfiguration section */
		A789E6FD1EBEA5610077A05D /* Debug */ = {
			isa = XCBuildConfiguration;
			buildSettings = {
				ALWAYS_SEARCH_USER_PATHS = NO;
				CLANG_ANALYZER_NONNULL = YES;
				CLANG_ANALYZER_NUMBER_OBJECT_CONVERSION = YES_AGGRESSIVE;
				CLANG_CXX_LANGUAGE_STANDARD = "gnu++0x";
				CLANG_CXX_LIBRARY = "libc++";
				CLANG_ENABLE_MODULES = YES;
				CLANG_ENABLE_OBJC_ARC = YES;
				CLANG_WARN_BOOL_CONVERSION = YES;
				CLANG_WARN_CONSTANT_CONVERSION = YES;
				CLANG_WARN_DIRECT_OBJC_ISA_USAGE = YES_ERROR;
				CLANG_WARN_DOCUMENTATION_COMMENTS = YES;
				CLANG_WARN_EMPTY_BODY = YES;
				CLANG_WARN_ENUM_CONVERSION = YES;
				CLANG_WARN_INFINITE_RECURSION = YES;
				CLANG_WARN_INT_CONVERSION = YES;
				CLANG_WARN_OBJC_ROOT_CLASS = YES_ERROR;
				CLANG_WARN_SUSPICIOUS_MOVE = YES;
				CLANG_WARN_UNREACHABLE_CODE = YES;
				CLANG_WARN__DUPLICATE_METHOD_MATCH = YES;
				"CODE_SIGN_IDENTITY[sdk=iphoneos*]" = "iPhone Developer";
				COPY_PHASE_STRIP = NO;
				DEBUG_INFORMATION_FORMAT = dwarf;
				ENABLE_STRICT_OBJC_MSGSEND = YES;
				ENABLE_TESTABILITY = YES;
				GCC_C_LANGUAGE_STANDARD = gnu99;
				GCC_DYNAMIC_NO_PIC = NO;
				GCC_NO_COMMON_BLOCKS = YES;
				GCC_OPTIMIZATION_LEVEL = 0;
				GCC_PREPROCESSOR_DEFINITIONS = (
					"DEBUG=1",
					"$(inherited)",
				);
				GCC_WARN_64_TO_32_BIT_CONVERSION = YES;
				GCC_WARN_ABOUT_RETURN_TYPE = YES_ERROR;
				GCC_WARN_UNDECLARED_SELECTOR = YES;
				GCC_WARN_UNINITIALIZED_AUTOS = YES_AGGRESSIVE;
				GCC_WARN_UNUSED_FUNCTION = YES;
				GCC_WARN_UNUSED_VARIABLE = YES;
				IPHONEOS_DEPLOYMENT_TARGET = 10.3;
				MTL_ENABLE_DEBUG_INFO = YES;
				ONLY_ACTIVE_ARCH = YES;
				SDKROOT = iphoneos;
				SWIFT_ACTIVE_COMPILATION_CONDITIONS = DEBUG;
				SWIFT_OPTIMIZATION_LEVEL = "-Onone";
			};
			name = Debug;
		};
		A789E6FE1EBEA5610077A05D /* Release */ = {
			isa = XCBuildConfiguration;
			buildSettings = {
				ALWAYS_SEARCH_USER_PATHS = NO;
				CLANG_ANALYZER_NONNULL = YES;
				CLANG_ANALYZER_NUMBER_OBJECT_CONVERSION = YES_AGGRESSIVE;
				CLANG_CXX_LANGUAGE_STANDARD = "gnu++0x";
				CLANG_CXX_LIBRARY = "libc++";
				CLANG_ENABLE_MODULES = YES;
				CLANG_ENABLE_OBJC_ARC = YES;
				CLANG_WARN_BOOL_CONVERSION = YES;
				CLANG_WARN_CONSTANT_CONVERSION = YES;
				CLANG_WARN_DIRECT_OBJC_ISA_USAGE = YES_ERROR;
				CLANG_WARN_DOCUMENTATION_COMMENTS = YES;
				CLANG_WARN_EMPTY_BODY = YES;
				CLANG_WARN_ENUM_CONVERSION = YES;
				CLANG_WARN_INFINITE_RECURSION = YES;
				CLANG_WARN_INT_CONVERSION = YES;
				CLANG_WARN_OBJC_ROOT_CLASS = YES_ERROR;
				CLANG_WARN_SUSPICIOUS_MOVE = YES;
				CLANG_WARN_UNREACHABLE_CODE = YES;
				CLANG_WARN__DUPLICATE_METHOD_MATCH = YES;
				"CODE_SIGN_IDENTITY[sdk=iphoneos*]" = "iPhone Developer";
				COPY_PHASE_STRIP = NO;
				DEBUG_INFORMATION_FORMAT = "dwarf-with-dsym";
				ENABLE_NS_ASSERTIONS = NO;
				ENABLE_STRICT_OBJC_MSGSEND = YES;
				GCC_C_LANGUAGE_STANDARD = gnu99;
				GCC_NO_COMMON_BLOCKS = YES;
				GCC_WARN_64_TO_32_BIT_CONVERSION = YES;
				GCC_WARN_ABOUT_RETURN_TYPE = YES_ERROR;
				GCC_WARN_UNDECLARED_SELECTOR = YES;
				GCC_WARN_UNINITIALIZED_AUTOS = YES_AGGRESSIVE;
				GCC_WARN_UNUSED_FUNCTION = YES;
				GCC_WARN_UNUSED_VARIABLE = YES;
				IPHONEOS_DEPLOYMENT_TARGET = 10.3;
				MTL_ENABLE_DEBUG_INFO = NO;
				SDKROOT = iphoneos;
				SWIFT_OPTIMIZATION_LEVEL = "-Owholemodule";
				VALIDATE_PRODUCT = YES;
			};
			name = Release;
		};
		A789E7001EBEA5610077A05D /* Debug */ = {
			isa = XCBuildConfiguration;
			buildSettings = {
				ASSETCATALOG_COMPILER_APPICON_NAME = AppIcon;
				DEVELOPMENT_TEAM = DPRFY9YDG3;
				INFOPLIST_FILE = FirstDemo/Info.plist;
				LD_RUNPATH_SEARCH_PATHS = "$(inherited) @executable_path/Frameworks";
				PRODUCT_BUNDLE_IDENTIFIER = com.tomclai.FirstDemo;
				PRODUCT_NAME = "$(TARGET_NAME)";
				SWIFT_VERSION = 3.0;
			};
			name = Debug;
		};
		A789E7011EBEA5610077A05D /* Release */ = {
			isa = XCBuildConfiguration;
			buildSettings = {
				ASSETCATALOG_COMPILER_APPICON_NAME = AppIcon;
				DEVELOPMENT_TEAM = DPRFY9YDG3;
				INFOPLIST_FILE = FirstDemo/Info.plist;
				LD_RUNPATH_SEARCH_PATHS = "$(inherited) @executable_path/Frameworks";
				PRODUCT_BUNDLE_IDENTIFIER = com.tomclai.FirstDemo;
				PRODUCT_NAME = "$(TARGET_NAME)";
				SWIFT_VERSION = 3.0;
			};
			name = Release;
		};
		A789E7031EBEA5610077A05D /* Debug */ = {
			isa = XCBuildConfiguration;
			buildSettings = {
				ALWAYS_EMBED_SWIFT_STANDARD_LIBRARIES = YES;
				BUNDLE_LOADER = "$(TEST_HOST)";
				DEVELOPMENT_TEAM = DPRFY9YDG3;
				INFOPLIST_FILE = FirstDemoTests/Info.plist;
				LD_RUNPATH_SEARCH_PATHS = "$(inherited) @executable_path/Frameworks @loader_path/Frameworks";
				PRODUCT_BUNDLE_IDENTIFIER = com.tomclai.FirstDemoTests;
				PRODUCT_NAME = "$(TARGET_NAME)";
				SWIFT_VERSION = 3.0;
				TEST_HOST = "$(BUILT_PRODUCTS_DIR)/FirstDemo.app/FirstDemo";
			};
			name = Debug;
		};
		A789E7041EBEA5610077A05D /* Release */ = {
			isa = XCBuildConfiguration;
			buildSettings = {
				ALWAYS_EMBED_SWIFT_STANDARD_LIBRARIES = YES;
				BUNDLE_LOADER = "$(TEST_HOST)";
				DEVELOPMENT_TEAM = DPRFY9YDG3;
				INFOPLIST_FILE = FirstDemoTests/Info.plist;
				LD_RUNPATH_SEARCH_PATHS = "$(inherited) @executable_path/Frameworks @loader_path/Frameworks";
				PRODUCT_BUNDLE_IDENTIFIER = com.tomclai.FirstDemoTests;
				PRODUCT_NAME = "$(TARGET_NAME)";
				SWIFT_VERSION = 3.0;
				TEST_HOST = "$(BUILT_PRODUCTS_DIR)/FirstDemo.app/FirstDemo";
			};
			name = Release;
		};
		A789E7061EBEA5610077A05D /* Debug */ = {
			isa = XCBuildConfiguration;
			buildSettings = {
				ALWAYS_EMBED_SWIFT_STANDARD_LIBRARIES = YES;
				DEVELOPMENT_TEAM = DPRFY9YDG3;
				INFOPLIST_FILE = FirstDemoUITests/Info.plist;
				LD_RUNPATH_SEARCH_PATHS = "$(inherited) @executable_path/Frameworks @loader_path/Frameworks";
				PRODUCT_BUNDLE_IDENTIFIER = com.tomclai.FirstDemoUITests;
				PRODUCT_NAME = "$(TARGET_NAME)";
				SWIFT_VERSION = 3.0;
				TEST_TARGET_NAME = FirstDemo;
			};
			name = Debug;
		};
		A789E7071EBEA5610077A05D /* Release */ = {
			isa = XCBuildConfiguration;
			buildSettings = {
				ALWAYS_EMBED_SWIFT_STANDARD_LIBRARIES = YES;
				DEVELOPMENT_TEAM = DPRFY9YDG3;
				INFOPLIST_FILE = FirstDemoUITests/Info.plist;
				LD_RUNPATH_SEARCH_PATHS = "$(inherited) @executable_path/Frameworks @loader_path/Frameworks";
				PRODUCT_BUNDLE_IDENTIFIER = com.tomclai.FirstDemoUITests;
				PRODUCT_NAME = "$(TARGET_NAME)";
				SWIFT_VERSION = 3.0;
				TEST_TARGET_NAME = FirstDemo;
			};
			name = Release;
		};
/* End XCBuildConfiguration section */

/* Begin XCConfigurationList section */
		A789E6D21EBEA5610077A05D /* Build configuration list for PBXProject "FirstDemo" */ = {
			isa = XCConfigurationList;
			buildConfigurations = (
				A789E6FD1EBEA5610077A05D /* Debug */,
				A789E6FE1EBEA5610077A05D /* Release */,
			);
			defaultConfigurationIsVisible = 0;
			defaultConfigurationName = Release;
		};
		A789E6FF1EBEA5610077A05D /* Build configuration list for PBXNativeTarget "FirstDemo" */ = {
			isa = XCConfigurationList;
			buildConfigurations = (
				A789E7001EBEA5610077A05D /* Debug */,
				A789E7011EBEA5610077A05D /* Release */,
			);
			defaultConfigurationIsVisible = 0;
		};
		A789E7021EBEA5610077A05D /* Build configuration list for PBXNativeTarget "FirstDemoTests" */ = {
			isa = XCConfigurationList;
			buildConfigurations = (
				A789E7031EBEA5610077A05D /* Debug */,
				A789E7041EBEA5610077A05D /* Release */,
			);
			defaultConfigurationIsVisible = 0;
		};
		A789E7051EBEA5610077A05D /* Build configuration list for PBXNativeTarget "FirstDemoUITests" */ = {
			isa = XCConfigurationList;
			buildConfigurations = (
				A789E7061EBEA5610077A05D /* Debug */,
				A789E7071EBEA5610077A05D /* Release */,
			);
			defaultConfigurationIsVisible = 0;
		};
/* End XCConfigurationList section */
	};
	rootObject = A789E6CF1EBEA5610077A05D /* Project object */;
}
